
Microsoft Visual Studio Solution File, Format Version 12.00
# Visual Studio 15
VisualStudioVersion = 15.0.27428.2002
MinimumVisualStudioVersion = 10.0.40219.1
Project("{FAE04EC0-301F-11D3-BF4B-00C04F79EFBC}") = "Svanholm.Web.API", "Svanholm.Web.API\Svanholm.Web.API.csproj", "{0D8559E2-5FA0-4267-897C-100B7C6E0197}"
EndProject
Project("{E24C65DC-7377-472B-9ABA-BC803B73C61A}") = "Svanholm.Web.Client", "Svanholm.Web.Client\", "{CA4A167C-157D-4010-A27A-B97992E95D54}"
	ProjectSection(WebsiteProperties) = preProject
		TargetFrameworkMoniker = ".NETFramework,Version%3Dv4.0"
		Debug.AspNetCompiler.VirtualPath = "/localhost_62818"
		Debug.AspNetCompiler.PhysicalPath = "Svanholm.Web.Client\"
		Debug.AspNetCompiler.TargetPath = "PrecompiledWeb\localhost_62818\"
		Debug.AspNetCompiler.Updateable = "true"
		Debug.AspNetCompiler.ForceOverwrite = "true"
		Debug.AspNetCompiler.FixedNames = "false"
		Debug.AspNetCompiler.Debug = "True"
		Release.AspNetCompiler.VirtualPath = "/localhost_62818"
		Release.AspNetCompiler.PhysicalPath = "Svanholm.Web.Client\"
		Release.AspNetCompiler.TargetPath = "PrecompiledWeb\localhost_62818\"
		Release.AspNetCompiler.Updateable = "true"
		Release.AspNetCompiler.ForceOverwrite = "true"
		Release.AspNetCompiler.FixedNames = "false"
		Release.AspNetCompiler.Debug = "False"
		VWDPort = "62818"
		SlnRelativePath = "Svanholm.Web.Client\"
	EndProjectSection
EndProject
Project("{FAE04EC0-301F-11D3-BF4B-00C04F79EFBC}") = "Svanholm.Common", "Svanholm.Common\Svanholm.Common.csproj", "{5D8B2CA8-4358-4149-858B-1D6FE9FD16EC}"
EndProject
Project("{FAE04EC0-301F-11D3-BF4B-00C04F79EFBC}") = "Svanholm.Database", "Svanholm.Database\Svanholm.Database.csproj", "{670273E3-B5B0-4576-A8B8-36D460008BD0}"
EndProject
Project("{FAE04EC0-301F-11D3-BF4B-00C04F79EFBC}") = "Svanholm.Database.Deployer", "Svanholm.Database.Deployer\Svanholm.Database.Deployer.csproj", "{274AFAC4-4C72-4BD3-AB9A-E01BAB61568B}"
EndProject
Project("{FAE04EC0-301F-11D3-BF4B-00C04F79EFBC}") = "Svanholm.Contracts", "Svanholm.Contracts\Svanholm.Contracts.csproj", "{71C44B4F-8D01-4536-BA72-3718DC07B8B6}"
EndProject
Global
	GlobalSection(SolutionConfigurationPlatforms) = preSolution
		Debug|Any CPU = Debug|Any CPU
		Release|Any CPU = Release|Any CPU
	EndGlobalSection
	GlobalSection(ProjectConfigurationPlatforms) = postSolution
		{0D8559E2-5FA0-4267-897C-100B7C6E0197}.Debug|Any CPU.ActiveCfg = Debug|Any CPU
		{0D8559E2-5FA0-4267-897C-100B7C6E0197}.Debug|Any CPU.Build.0 = Debug|Any CPU
		{0D8559E2-5FA0-4267-897C-100B7C6E0197}.Release|Any CPU.ActiveCfg = Release|Any CPU
		{0D8559E2-5FA0-4267-897C-100B7C6E0197}.Release|Any CPU.Build.0 = Release|Any CPU
		{CA4A167C-157D-4010-A27A-B97992E95D54}.Debug|Any CPU.ActiveCfg = Debug|Any CPU
		{CA4A167C-157D-4010-A27A-B97992E95D54}.Debug|Any CPU.Build.0 = Debug|Any CPU
		{CA4A167C-157D-4010-A27A-B97992E95D54}.Release|Any CPU.ActiveCfg = Debug|Any CPU
		{CA4A167C-157D-4010-A27A-B97992E95D54}.Release|Any CPU.Build.0 = Debug|Any CPU
		{5D8B2CA8-4358-4149-858B-1D6FE9FD16EC}.Debug|Any CPU.ActiveCfg = Debug|Any CPU
		{5D8B2CA8-4358-4149-858B-1D6FE9FD16EC}.Debug|Any CPU.Build.0 = Debug|Any CPU
		{5D8B2CA8-4358-4149-858B-1D6FE9FD16EC}.Release|Any CPU.ActiveCfg = Release|Any CPU
		{5D8B2CA8-4358-4149-858B-1D6FE9FD16EC}.Release|Any CPU.Build.0 = Release|Any CPU
		{670273E3-B5B0-4576-A8B8-36D460008BD0}.Debug|Any CPU.ActiveCfg = Debug|Any CPU
		{670273E3-B5B0-4576-A8B8-36D460008BD0}.Debug|Any CPU.Build.0 = Debug|Any CPU
		{670273E3-B5B0-4576-A8B8-36D460008BD0}.Release|Any CPU.ActiveCfg = Release|Any CPU
		{670273E3-B5B0-4576-A8B8-36D460008BD0}.Release|Any CPU.Build.0 = Release|Any CPU
		{274AFAC4-4C72-4BD3-AB9A-E01BAB61568B}.Debug|Any CPU.ActiveCfg = Debug|Any CPU
		{274AFAC4-4C72-4BD3-AB9A-E01BAB61568B}.Debug|Any CPU.Build.0 = Debug|Any CPU
		{274AFAC4-4C72-4BD3-AB9A-E01BAB61568B}.Release|Any CPU.ActiveCfg = Release|Any CPU
		{274AFAC4-4C72-4BD3-AB9A-E01BAB61568B}.Release|Any CPU.Build.0 = Release|Any CPU
		{71C44B4F-8D01-4536-BA72-3718DC07B8B6}.Debug|Any CPU.ActiveCfg = Debug|Any CPU
		{71C44B4F-8D01-4536-BA72-3718DC07B8B6}.Debug|Any CPU.Build.0 = Debug|Any CPU
		{71C44B4F-8D01-4536-BA72-3718DC07B8B6}.Release|Any CPU.ActiveCfg = Release|Any CPU
		{71C44B4F-8D01-4536-BA72-3718DC07B8B6}.Release|Any CPU.Build.0 = Release|Any CPU
	EndGlobalSection
	GlobalSection(SolutionProperties) = preSolution
		HideSolutionNode = FALSE
	EndGlobalSection
	GlobalSection(ExtensibilityGlobals) = postSolution
		SolutionGuid = {BD72E8C1-B465-4821-B32D-D86CDE49447F}
	EndGlobalSection
EndGlobal
